
Microsoft Visual Studio Solution File, Format Version 12.00
# Visual Studio 15
VisualStudioVersion = 15.0.27428.2011
MinimumVisualStudioVersion = 10.0.40219.1
Project("{FAE04EC0-301F-11D3-BF4B-00C04F79EFBC}") = "SoHot.Web", "SoHot.Web\SoHot.Web.csproj", "{A56AAF7A-6B30-4920-8DDA-2654257A3A51}"
EndProject
Project("{FAE04EC0-301F-11D3-BF4B-00C04F79EFBC}") = "SoHot.UnitTest", "SoHot.UnitTest\SoHot.UnitTest.csproj", "{24025F25-8E0D-42BC-9C8F-FA0CB5FD61FE}"
EndProject
Project("{FAE04EC0-301F-11D3-BF4B-00C04F79EFBC}") = "SoHot.Common", "SoHot.Common\SoHot.Common.csproj", "{46FCBC53-DCBA-41E4-BE21-99728CAD141F}"
EndProject
Project("{FAE04EC0-301F-11D3-BF4B-00C04F79EFBC}") = "SoHot.Service", "SoHot.Service\SoHot.Service.csproj", "{5C1FAB7A-B7D9-440E-9933-4EEA296F199D}"
EndProject
Project("{FAE04EC0-301F-11D3-BF4B-00C04F79EFBC}") = "SoHot.Data", "SoHot,Data\SoHot.Data.csproj", "{425AE923-5B7A-45AC-966A-7E34FC193FFD}"
EndProject
Project("{FAE04EC0-301F-11D3-BF4B-00C04F79EFBC}") = "SoHot.Model", "SoHot.Model\SoHot.Model.csproj", "{AA6F91E6-F3FF-41EC-89BB-E2824484093B}"
EndProject
Global
	GlobalSection(SolutionConfigurationPlatforms) = preSolution
		Debug|Any CPU = Debug|Any CPU
		Debug|ARM = Debug|ARM
		Debug|x64 = Debug|x64
		Debug|x86 = Debug|x86
		Release|Any CPU = Release|Any CPU
		Release|ARM = Release|ARM
		Release|x64 = Release|x64
		Release|x86 = Release|x86
	EndGlobalSection
	GlobalSection(ProjectConfigurationPlatforms) = postSolution
		{A56AAF7A-6B30-4920-8DDA-2654257A3A51}.Debug|Any CPU.ActiveCfg = Debug|Any CPU
		{A56AAF7A-6B30-4920-8DDA-2654257A3A51}.Debug|Any CPU.Build.0 = Debug|Any CPU
		{A56AAF7A-6B30-4920-8DDA-2654257A3A51}.Debug|ARM.ActiveCfg = Debug|Any CPU
		{A56AAF7A-6B30-4920-8DDA-2654257A3A51}.Debug|ARM.Build.0 = Debug|Any CPU
		{A56AAF7A-6B30-4920-8DDA-2654257A3A51}.Debug|x64.ActiveCfg = Debug|Any CPU
		{A56AAF7A-6B30-4920-8DDA-2654257A3A51}.Debug|x64.Build.0 = Debug|Any CPU
		{A56AAF7A-6B30-4920-8DDA-2654257A3A51}.Debug|x86.ActiveCfg = Debug|Any CPU
		{A56AAF7A-6B30-4920-8DDA-2654257A3A51}.Debug|x86.Build.0 = Debug|Any CPU
		{A56AAF7A-6B30-4920-8DDA-2654257A3A51}.Release|Any CPU.ActiveCfg = Release|Any CPU
		{A56AAF7A-6B30-4920-8DDA-2654257A3A51}.Release|Any CPU.Build.0 = Release|Any CPU
		{A56AAF7A-6B30-4920-8DDA-2654257A3A51}.Release|ARM.ActiveCfg = Release|Any CPU
		{A56AAF7A-6B30-4920-8DDA-2654257A3A51}.Release|ARM.Build.0 = Release|Any CPU
		{A56AAF7A-6B30-4920-8DDA-2654257A3A51}.Release|x64.ActiveCfg = Release|Any CPU
		{A56AAF7A-6B30-4920-8DDA-2654257A3A51}.Release|x64.Build.0 = Release|Any CPU
		{A56AAF7A-6B30-4920-8DDA-2654257A3A51}.Release|x86.ActiveCfg = Release|Any CPU
		{A56AAF7A-6B30-4920-8DDA-2654257A3A51}.Release|x86.Build.0 = Release|Any CPU
		{24025F25-8E0D-42BC-9C8F-FA0CB5FD61FE}.Debug|Any CPU.ActiveCfg = Debug|Any CPU
		{24025F25-8E0D-42BC-9C8F-FA0CB5FD61FE}.Debug|Any CPU.Build.0 = Debug|Any CPU
		{24025F25-8E0D-42BC-9C8F-FA0CB5FD61FE}.Debug|ARM.ActiveCfg = Debug|Any CPU
		{24025F25-8E0D-42BC-9C8F-FA0CB5FD61FE}.Debug|ARM.Build.0 = Debug|Any CPU
		{24025F25-8E0D-42BC-9C8F-FA0CB5FD61FE}.Debug|x64.ActiveCfg = Debug|Any CPU
		{24025F25-8E0D-42BC-9C8F-FA0CB5FD61FE}.Debug|x64.Build.0 = Debug|Any CPU
		{24025F25-8E0D-42BC-9C8F-FA0CB5FD61FE}.Debug|x86.ActiveCfg = Debug|Any CPU
		{24025F25-8E0D-42BC-9C8F-FA0CB5FD61FE}.Debug|x86.Build.0 = Debug|Any CPU
		{24025F25-8E0D-42BC-9C8F-FA0CB5FD61FE}.Release|Any CPU.ActiveCfg = Release|Any CPU
		{24025F25-8E0D-42BC-9C8F-FA0CB5FD61FE}.Release|Any CPU.Build.0 = Release|Any CPU
		{24025F25-8E0D-42BC-9C8F-FA0CB5FD61FE}.Release|ARM.ActiveCfg = Release|Any CPU
		{24025F25-8E0D-42BC-9C8F-FA0CB5FD61FE}.Release|ARM.Build.0 = Release|Any CPU
		{24025F25-8E0D-42BC-9C8F-FA0CB5FD61FE}.Release|x64.ActiveCfg = Release|Any CPU
		{24025F25-8E0D-42BC-9C8F-FA0CB5FD61FE}.Release|x64.Build.0 = Release|Any CPU
		{24025F25-8E0D-42BC-9C8F-FA0CB5FD61FE}.Release|x86.ActiveCfg = Release|Any CPU
		{24025F25-8E0D-42BC-9C8F-FA0CB5FD61FE}.Release|x86.Build.0 = Release|Any CPU
		{46FCBC53-DCBA-41E4-BE21-99728CAD141F}.Debug|Any CPU.ActiveCfg = Debug|Any CPU
		{46FCBC53-DCBA-41E4-BE21-99728CAD141F}.Debug|Any CPU.Build.0 = Debug|Any CPU
		{46FCBC53-DCBA-41E4-BE21-99728CAD141F}.Debug|ARM.ActiveCfg = Debug|Any CPU
		{46FCBC53-DCBA-41E4-BE21-99728CAD141F}.Debug|ARM.Build.0 = Debug|Any CPU
		{46FCBC53-DCBA-41E4-BE21-99728CAD141F}.Debug|x64.ActiveCfg = Debug|Any CPU
		{46FCBC53-DCBA-41E4-BE21-99728CAD141F}.Debug|x64.Build.0 = Debug|Any CPU
		{46FCBC53-DCBA-41E4-BE21-99728CAD141F}.Debug|x86.ActiveCfg = Debug|Any CPU
		{46FCBC53-DCBA-41E4-BE21-99728CAD141F}.Debug|x86.Build.0 = Debug|Any CPU
		{46FCBC53-DCBA-41E4-BE21-99728CAD141F}.Release|Any CPU.ActiveCfg = Release|Any CPU
		{46FCBC53-DCBA-41E4-BE21-99728CAD141F}.Release|Any CPU.Build.0 = Release|Any CPU
		{46FCBC53-DCBA-41E4-BE21-99728CAD141F}.Release|ARM.ActiveCfg = Release|Any CPU
		{46FCBC53-DCBA-41E4-BE21-99728CAD141F}.Release|ARM.Build.0 = Release|Any CPU
		{46FCBC53-DCBA-41E4-BE21-99728CAD141F}.Release|x64.ActiveCfg = Release|Any CPU
		{46FCBC53-DCBA-41E4-BE21-99728CAD141F}.Release|x64.Build.0 = Release|Any CPU
		{46FCBC53-DCBA-41E4-BE21-99728CAD141F}.Release|x86.ActiveCfg = Release|Any CPU
		{46FCBC53-DCBA-41E4-BE21-99728CAD141F}.Release|x86.Build.0 = Release|Any CPU
		{5C1FAB7A-B7D9-440E-9933-4EEA296F199D}.Debug|Any CPU.ActiveCfg = Debug|Any CPU
		{5C1FAB7A-B7D9-440E-9933-4EEA296F199D}.Debug|Any CPU.Build.0 = Debug|Any CPU
		{5C1FAB7A-B7D9-440E-9933-4EEA296F199D}.Debug|ARM.ActiveCfg = Debug|Any CPU
		{5C1FAB7A-B7D9-440E-9933-4EEA296F199D}.Debug|ARM.Build.0 = Debug|Any CPU
		{5C1FAB7A-B7D9-440E-9933-4EEA296F199D}.Debug|x64.ActiveCfg = Debug|Any CPU
		{5C1FAB7A-B7D9-440E-9933-4EEA296F199D}.Debug|x64.Build.0 = Debug|Any CPU
		{5C1FAB7A-B7D9-440E-9933-4EEA296F199D}.Debug|x86.ActiveCfg = Debug|Any CPU
		{5C1FAB7A-B7D9-440E-9933-4EEA296F199D}.Debug|x86.Build.0 = Debug|Any CPU
		{5C1FAB7A-B7D9-440E-9933-4EEA296F199D}.Release|Any CPU.ActiveCfg = Release|Any CPU
		{5C1FAB7A-B7D9-440E-9933-4EEA296F199D}.Release|Any CPU.Build.0 = Release|Any CPU
		{5C1FAB7A-B7D9-440E-9933-4EEA296F199D}.Release|ARM.ActiveCfg = Release|Any CPU
		{5C1FAB7A-B7D9-440E-9933-4EEA296F199D}.Release|ARM.Build.0 = Release|Any CPU
		{5C1FAB7A-B7D9-440E-9933-4EEA296F199D}.Release|x64.ActiveCfg = Release|Any CPU
		{5C1FAB7A-B7D9-440E-9933-4EEA296F199D}.Release|x64.Build.0 = Release|Any CPU
		{5C1FAB7A-B7D9-440E-9933-4EEA296F199D}.Release|x86.ActiveCfg = Release|Any CPU
		{5C1FAB7A-B7D9-440E-9933-4EEA296F199D}.Release|x86.Build.0 = Release|Any CPU
		{425AE923-5B7A-45AC-966A-7E34FC193FFD}.Debug|Any CPU.ActiveCfg = Debug|Any CPU
		{425AE923-5B7A-45AC-966A-7E34FC193FFD}.Debug|Any CPU.Build.0 = Debug|Any CPU
		{425AE923-5B7A-45AC-966A-7E34FC193FFD}.Debug|ARM.ActiveCfg = Debug|Any CPU
		{425AE923-5B7A-45AC-966A-7E34FC193FFD}.Debug|ARM.Build.0 = Debug|Any CPU
		{425AE923-5B7A-45AC-966A-7E34FC193FFD}.Debug|x64.ActiveCfg = Debug|Any CPU
		{425AE923-5B7A-45AC-966A-7E34FC193FFD}.Debug|x64.Build.0 = Debug|Any CPU
		{425AE923-5B7A-45AC-966A-7E34FC193FFD}.Debug|x86.ActiveCfg = Debug|Any CPU
		{425AE923-5B7A-45AC-966A-7E34FC193FFD}.Debug|x86.Build.0 = Debug|Any CPU
		{425AE923-5B7A-45AC-966A-7E34FC193FFD}.Release|Any CPU.ActiveCfg = Release|Any CPU
		{425AE923-5B7A-45AC-966A-7E34FC193FFD}.Release|Any CPU.Build.0 = Release|Any CPU
		{425AE923-5B7A-45AC-966A-7E34FC193FFD}.Release|ARM.ActiveCfg = Release|Any CPU
		{425AE923-5B7A-45AC-966A-7E34FC193FFD}.Release|ARM.Build.0 = Release|Any CPU
		{425AE923-5B7A-45AC-966A-7E34FC193FFD}.Release|x64.ActiveCfg = Release|Any CPU
		{425AE923-5B7A-45AC-966A-7E34FC193FFD}.Release|x64.Build.0 = Release|Any CPU
		{425AE923-5B7A-45AC-966A-7E34FC193FFD}.Release|x86.ActiveCfg = Release|Any CPU
		{425AE923-5B7A-45AC-966A-7E34FC193FFD}.Release|x86.Build.0 = Release|Any CPU
		{AA6F91E6-F3FF-41EC-89BB-E2824484093B}.Debug|Any CPU.ActiveCfg = Debug|Any CPU
		{AA6F91E6-F3FF-41EC-89BB-E2824484093B}.Debug|Any CPU.Build.0 = Debug|Any CPU
		{AA6F91E6-F3FF-41EC-89BB-E2824484093B}.Debug|ARM.ActiveCfg = Debug|Any CPU
		{AA6F91E6-F3FF-41EC-89BB-E2824484093B}.Debug|ARM.Build.0 = Debug|Any CPU
		{AA6F91E6-F3FF-41EC-89BB-E2824484093B}.Debug|x64.ActiveCfg = Debug|Any CPU
		{AA6F91E6-F3FF-41EC-89BB-E2824484093B}.Debug|x64.Build.0 = Debug|Any CPU
		{AA6F91E6-F3FF-41EC-89BB-E2824484093B}.Debug|x86.ActiveCfg = Debug|Any CPU
		{AA6F91E6-F3FF-41EC-89BB-E2824484093B}.Debug|x86.Build.0 = Debug|Any CPU
		{AA6F91E6-F3FF-41EC-89BB-E2824484093B}.Release|Any CPU.ActiveCfg = Release|Any CPU
		{AA6F91E6-F3FF-41EC-89BB-E2824484093B}.Release|Any CPU.Build.0 = Release|Any CPU
		{AA6F91E6-F3FF-41EC-89BB-E2824484093B}.Release|ARM.ActiveCfg = Release|Any CPU
		{AA6F91E6-F3FF-41EC-89BB-E2824484093B}.Release|ARM.Build.0 = Release|Any CPU
		{AA6F91E6-F3FF-41EC-89BB-E2824484093B}.Release|x64.ActiveCfg = Release|Any CPU
		{AA6F91E6-F3FF-41EC-89BB-E2824484093B}.Release|x64.Build.0 = Release|Any CPU
		{AA6F91E6-F3FF-41EC-89BB-E2824484093B}.Release|x86.ActiveCfg = Release|Any CPU
		{AA6F91E6-F3FF-41EC-89BB-E2824484093B}.Release|x86.Build.0 = Release|Any CPU
	EndGlobalSection
	GlobalSection(SolutionProperties) = preSolution
		HideSolutionNode = FALSE
	EndGlobalSection
	GlobalSection(ExtensibilityGlobals) = postSolution
		SolutionGuid = {72E74544-C281-48D4-AC98-7C1CF31D8564}
	EndGlobalSection
EndGlobal
